
Microsoft Visual Studio Solution File, Format Version 12.00
# Visual Studio 14
VisualStudioVersion = 14.0.24720.0
MinimumVisualStudioVersion = 10.0.40219.1
Project("{FAE04EC0-301F-11D3-BF4B-00C04F79EFBC}") = "RESTPROYECT", "RESTPROYECT\RESTPROYECT.csproj", "{0646CBAC-F041-4F06-8FF6-631F17D47A59}"
EndProject
Project("{FAE04EC0-301F-11D3-BF4B-00C04F79EFBC}") = "RESTTest", "RESTTest\RESTTest.csproj", "{DD117CC4-A3CB-4ACC-9D94-381EAC3451B5}"
EndProject
Project("{FAE04EC0-301F-11D3-BF4B-00C04F79EFBC}") = "SOAPPROJECT", "SOAPPROJECT\SOAPPROJECT.csproj", "{965C92ED-AB1E-499B-870F-8FC0A9E4147E}"
EndProject
Project("{FAE04EC0-301F-11D3-BF4B-00C04F79EFBC}") = "SOAPTest", "SOAPTest\SOAPTest.csproj", "{9F56049D-DCA7-42C4-B4BD-7D26F3B7C194}"
	ProjectSection(ProjectDependencies) = postProject
		{965C92ED-AB1E-499B-870F-8FC0A9E4147E} = {965C92ED-AB1E-499B-870F-8FC0A9E4147E}
	EndProjectSection
EndProject
Global
	GlobalSection(SolutionConfigurationPlatforms) = preSolution
		Debug|Any CPU = Debug|Any CPU
		Release|Any CPU = Release|Any CPU
	EndGlobalSection
	GlobalSection(ProjectConfigurationPlatforms) = postSolution
		{0646CBAC-F041-4F06-8FF6-631F17D47A59}.Debug|Any CPU.ActiveCfg = Debug|Any CPU
		{0646CBAC-F041-4F06-8FF6-631F17D47A59}.Debug|Any CPU.Build.0 = Debug|Any CPU
		{0646CBAC-F041-4F06-8FF6-631F17D47A59}.Release|Any CPU.ActiveCfg = Release|Any CPU
		{0646CBAC-F041-4F06-8FF6-631F17D47A59}.Release|Any CPU.Build.0 = Release|Any CPU
		{DD117CC4-A3CB-4ACC-9D94-381EAC3451B5}.Debug|Any CPU.ActiveCfg = Debug|Any CPU
		{DD117CC4-A3CB-4ACC-9D94-381EAC3451B5}.Debug|Any CPU.Build.0 = Debug|Any CPU
		{DD117CC4-A3CB-4ACC-9D94-381EAC3451B5}.Release|Any CPU.ActiveCfg = Release|Any CPU
		{DD117CC4-A3CB-4ACC-9D94-381EAC3451B5}.Release|Any CPU.Build.0 = Release|Any CPU
		{965C92ED-AB1E-499B-870F-8FC0A9E4147E}.Debug|Any CPU.ActiveCfg = Debug|Any CPU
		{965C92ED-AB1E-499B-870F-8FC0A9E4147E}.Debug|Any CPU.Build.0 = Debug|Any CPU
		{965C92ED-AB1E-499B-870F-8FC0A9E4147E}.Release|Any CPU.ActiveCfg = Release|Any CPU
		{965C92ED-AB1E-499B-870F-8FC0A9E4147E}.Release|Any CPU.Build.0 = Release|Any CPU
		{9F56049D-DCA7-42C4-B4BD-7D26F3B7C194}.Debug|Any CPU.ActiveCfg = Debug|Any CPU
		{9F56049D-DCA7-42C4-B4BD-7D26F3B7C194}.Debug|Any CPU.Build.0 = Debug|Any CPU
		{9F56049D-DCA7-42C4-B4BD-7D26F3B7C194}.Release|Any CPU.ActiveCfg = Release|Any CPU
		{9F56049D-DCA7-42C4-B4BD-7D26F3B7C194}.Release|Any CPU.Build.0 = Release|Any CPU
	EndGlobalSection
	GlobalSection(SolutionProperties) = preSolution
		HideSolutionNode = FALSE
	EndGlobalSection
EndGlobal
